// !$*UTF8*$!
{
	archiveVersion = 1;
	classes = {
	};
	objectVersion = 50;
	objects = {

/* Begin PBXBuildFile section */
		63A5280920C10EDB0008EFAD /* AppDelegate.m in Sources */ = {isa = PBXBuildFile; fileRef = 63A5280820C10EDB0008EFAD /* AppDelegate.m */; };
		63A5280C20C10EDB0008EFAD /* ViewController.m in Sources */ = {isa = PBXBuildFile; fileRef = 63A5280B20C10EDB0008EFAD /* ViewController.m */; };
		63A5280F20C10EDB0008EFAD /* Main.storyboard in Resources */ = {isa = PBXBuildFile; fileRef = 63A5280D20C10EDB0008EFAD /* Main.storyboard */; };
		63A5281120C10EDF0008EFAD /* Assets.xcassets in Resources */ = {isa = PBXBuildFile; fileRef = 63A5281020C10EDF0008EFAD /* Assets.xcassets */; };
		63A5281420C10EDF0008EFAD /* LaunchScreen.storyboard in Resources */ = {isa = PBXBuildFile; fileRef = 63A5281220C10EDF0008EFAD /* LaunchScreen.storyboard */; };
		63A5281720C10EDF0008EFAD /* main.m in Sources */ = {isa = PBXBuildFile; fileRef = 63A5281620C10EDF0008EFAD /* main.m */; };
		63A5282120C10EDF0008EFAD /* SaunFaTestTests.m in Sources */ = {isa = PBXBuildFile; fileRef = 63A5282020C10EDF0008EFAD /* SaunFaTestTests.m */; };
		63A5282C20C10EDF0008EFAD /* SaunFaTestUITests.m in Sources */ = {isa = PBXBuildFile; fileRef = 63A5282B20C10EDF0008EFAD /* SaunFaTestUITests.m */; };
/* End PBXBuildFile section */

/* Begin PBXContainerItemProxy section */
		63A5281D20C10EDF0008EFAD /* PBXContainerItemProxy */ = {
			isa = PBXContainerItemProxy;
			containerPortal = 63A527FC20C10EDB0008EFAD /* Project object */;
			proxyType = 1;
			remoteGlobalIDString = 63A5280320C10EDB0008EFAD;
			remoteInfo = SaunFaTest;
		};
		63A5282820C10EDF0008EFAD /* PBXContainerItemProxy */ = {
			isa = PBXContainerItemProxy;
			containerPortal = 63A527FC20C10EDB0008EFAD /* Project object */;
			proxyType = 1;
			remoteGlobalIDString = 63A5280320C10EDB0008EFAD;
			remoteInfo = SaunFaTest;
		};
/* End PBXContainerItemProxy section */

/* Begin PBXFileReference section */
		63A5280420C10EDB0008EFAD /* SaunFaTest.app */ = {isa = PBXFileReference; explicitFileType = wrapper.application; includeInIndex = 0; path = SaunFaTest.app; sourceTree = BUILT_PRODUCTS_DIR; };
		63A5280720C10EDB0008EFAD /* AppDelegate.h */ = {isa = PBXFileReference; lastKnownFileType = sourcecode.c.h; path = AppDelegate.h; sourceTree = "<group>"; };
		63A5280820C10EDB0008EFAD /* AppDelegate.m */ = {isa = PBXFileReference; lastKnownFileType = sourcecode.c.objc; path = AppDelegate.m; sourceTree = "<group>"; };
		63A5280A20C10EDB0008EFAD /* ViewController.h */ = {isa = PBXFileReference; lastKnownFileType = sourcecode.c.h; path = ViewController.h; sourceTree = "<group>"; };
		63A5280B20C10EDB0008EFAD /* ViewController.m */ = {isa = PBXFileReference; lastKnownFileType = sourcecode.c.objc; path = ViewController.m; sourceTree = "<group>"; };
		63A5280E20C10EDB0008EFAD /* Base */ = {isa = PBXFileReference; lastKnownFileType = file.storyboard; name = Base; path = Base.lproj/Main.storyboard; sourceTree = "<group>"; };
		63A5281020C10EDF0008EFAD /* Assets.xcassets */ = {isa = PBXFileReference; lastKnownFileType = folder.assetcatalog; path = Assets.xcassets; sourceTree = "<group>"; };
		63A5281320C10EDF0008EFAD /* Base */ = {isa = PBXFileReference; lastKnownFileType = file.storyboard; name = Base; path = Base.lproj/LaunchScreen.storyboard; sourceTree = "<group>"; };
		63A5281520C10EDF0008EFAD /* Info.plist */ = {isa = PBXFileReference; lastKnownFileType = text.plist.xml; path = Info.plist; sourceTree = "<group>"; };
		63A5281620C10EDF0008EFAD /* main.m */ = {isa = PBXFileReference; lastKnownFileType = sourcecode.c.objc; path = main.m; sourceTree = "<group>"; };
		63A5281C20C10EDF0008EFAD /* SaunFaTestTests.xctest */ = {isa = PBXFileReference; explicitFileType = wrapper.cfbundle; includeInIndex = 0; path = SaunFaTestTests.xctest; sourceTree = BUILT_PRODUCTS_DIR; };
		63A5282020C10EDF0008EFAD /* SaunFaTestTests.m */ = {isa = PBXFileReference; lastKnownFileType = sourcecode.c.objc; path = SaunFaTestTests.m; sourceTree = "<group>"; };
		63A5282220C10EDF0008EFAD /* Info.plist */ = {isa = PBXFileReference; lastKnownFileType = text.plist.xml; path = Info.plist; sourceTree = "<group>"; };
		63A5282720C10EDF0008EFAD /* SaunFaTestUITests.xctest */ = {isa = PBXFileReference; explicitFileType = wrapper.cfbundle; includeInIndex = 0; path = SaunFaTestUITests.xctest; sourceTree = BUILT_PRODUCTS_DIR; };
		63A5282B20C10EDF0008EFAD /* SaunFaTestUITests.m */ = {isa = PBXFileReference; lastKnownFileType = sourcecode.c.objc; path = SaunFaTestUITests.m; sourceTree = "<group>"; };
		63A5282D20C10EDF0008EFAD /* Info.plist */ = {isa = PBXFileReference; lastKnownFileType = text.plist.xml; path = Info.plist; sourceTree = "<group>"; };
/* End PBXFileReference section */

/* Begin PBXFrameworksBuildPhase section */
		63A5280120C10EDB0008EFAD /* Frameworks */ = {
			isa = PBXFrameworksBuildPhase;
			buildActionMask = 2147483647;
			files = (
			);
			runOnlyForDeploymentPostprocessing = 0;
		};
		63A5281920C10EDF0008EFAD /* Frameworks */ = {
			isa = PBXFrameworksBuildPhase;
			buildActionMask = 2147483647;
			files = (
			);
			runOnlyForDeploymentPostprocessing = 0;
		};
		63A5282420C10EDF0008EFAD /* Frameworks */ = {
			isa = PBXFrameworksBuildPhase;
			buildActionMask = 2147483647;
			files = (
			);
			runOnlyForDeploymentPostprocessing = 0;
		};
/* End PBXFrameworksBuildPhase section */

/* Begin PBXGroup section */
		63A527FB20C10EDB0008EFAD = {
			isa = PBXGroup;
			children = (
				63A5280620C10EDB0008EFAD /* SaunFaTest */,
				63A5281F20C10EDF0008EFAD /* SaunFaTestTests */,
				63A5282A20C10EDF0008EFAD /* SaunFaTestUITests */,
				63A5280520C10EDB0008EFAD /* Products */,
			);
			sourceTree = "<group>";
		};
		63A5280520C10EDB0008EFAD /* Products */ = {
			isa = PBXGroup;
			children = (
				63A5280420C10EDB0008EFAD /* SaunFaTest.app */,
				63A5281C20C10EDF0008EFAD /* SaunFaTestTests.xctest */,
				63A5282720C10EDF0008EFAD /* SaunFaTestUITests.xctest */,
			);
			name = Products;
			sourceTree = "<group>";
		};
		63A5280620C10EDB0008EFAD /* SaunFaTest */ = {
			isa = PBXGroup;
			children = (
				63A5280720C10EDB0008EFAD /* AppDelegate.h */,
				63A5280820C10EDB0008EFAD /* AppDelegate.m */,
				63A5280A20C10EDB0008EFAD /* ViewController.h */,
				63A5280B20C10EDB0008EFAD /* ViewController.m */,
				63A5280D20C10EDB0008EFAD /* Main.storyboard */,
				63A5281020C10EDF0008EFAD /* Assets.xcassets */,
				63A5281220C10EDF0008EFAD /* LaunchScreen.storyboard */,
				63A5281520C10EDF0008EFAD /* Info.plist */,
				63A5281620C10EDF0008EFAD /* main.m */,
			);
			path = SaunFaTest;
			sourceTree = "<group>";
		};
		63A5281F20C10EDF0008EFAD /* SaunFaTestTests */ = {
			isa = PBXGroup;
			children = (
				63A5282020C10EDF0008EFAD /* SaunFaTestTests.m */,
				63A5282220C10EDF0008EFAD /* Info.plist */,
			);
			path = SaunFaTestTests;
			sourceTree = "<group>";
		};
		63A5282A20C10EDF0008EFAD /* SaunFaTestUITests */ = {
			isa = PBXGroup;
			children = (
				63A5282B20C10EDF0008EFAD /* SaunFaTestUITests.m */,
				63A5282D20C10EDF0008EFAD /* Info.plist */,
			);
			path = SaunFaTestUITests;
			sourceTree = "<group>";
		};
/* End PBXGroup section */

/* Begin PBXNativeTarget section */
		63A5280320C10EDB0008EFAD /* SaunFaTest */ = {
			isa = PBXNativeTarget;
			buildConfigurationList = 63A5283020C10EDF0008EFAD /* Build configuration list for PBXNativeTarget "SaunFaTest" */;
			buildPhases = (
				63A5280020C10EDB0008EFAD /* Sources */,
				63A5280120C10EDB0008EFAD /* Frameworks */,
				63A5280220C10EDB0008EFAD /* Resources */,
			);
			buildRules = (
			);
			dependencies = (
			);
			name = SaunFaTest;
			productName = SaunFaTest;
			productReference = 63A5280420C10EDB0008EFAD /* SaunFaTest.app */;
			productType = "com.apple.product-type.application";
		};
		63A5281B20C10EDF0008EFAD /* SaunFaTestTests */ = {
			isa = PBXNativeTarget;
			buildConfigurationList = 63A5283320C10EDF0008EFAD /* Build configuration list for PBXNativeTarget "SaunFaTestTests" */;
			buildPhases = (
				63A5281820C10EDF0008EFAD /* Sources */,
				63A5281920C10EDF0008EFAD /* Frameworks */,
				63A5281A20C10EDF0008EFAD /* Resources */,
			);
			buildRules = (
			);
			dependencies = (
				63A5281E20C10EDF0008EFAD /* PBXTargetDependency */,
			);
			name = SaunFaTestTests;
			productName = SaunFaTestTests;
			productReference = 63A5281C20C10EDF0008EFAD /* SaunFaTestTests.xctest */;
			productType = "com.apple.product-type.bundle.unit-test";
		};
		63A5282620C10EDF0008EFAD /* SaunFaTestUITests */ = {
			isa = PBXNativeTarget;
			buildConfigurationList = 63A5283620C10EDF0008EFAD /* Build configuration list for PBXNativeTarget "SaunFaTestUITests" */;
			buildPhases = (
				63A5282320C10EDF0008EFAD /* Sources */,
				63A5282420C10EDF0008EFAD /* Frameworks */,
				63A5282520C10EDF0008EFAD /* Resources */,
			);
			buildRules = (
			);
			dependencies = (
				63A5282920C10EDF0008EFAD /* PBXTargetDependency */,
			);
			name = SaunFaTestUITests;
			productName = SaunFaTestUITests;
			productReference = 63A5282720C10EDF0008EFAD /* SaunFaTestUITests.xctest */;
			productType = "com.apple.product-type.bundle.ui-testing";
		};
/* End PBXNativeTarget section */

/* Begin PBXProject section */
		63A527FC20C10EDB0008EFAD /* Project object */ = {
			isa = PBXProject;
			attributes = {
				LastUpgradeCheck = 0930;
				ORGANIZATIONNAME = lanpeng;
				TargetAttributes = {
					63A5280320C10EDB0008EFAD = {
						CreatedOnToolsVersion = 9.3;
					};
					63A5281B20C10EDF0008EFAD = {
						CreatedOnToolsVersion = 9.3;
						TestTargetID = 63A5280320C10EDB0008EFAD;
					};
					63A5282620C10EDF0008EFAD = {
						CreatedOnToolsVersion = 9.3;
						TestTargetID = 63A5280320C10EDB0008EFAD;
					};
				};
			};
			buildConfigurationList = 63A527FF20C10EDB0008EFAD /* Build configuration list for PBXProject "SaunFaTest" */;
			compatibilityVersion = "Xcode 9.3";
			developmentRegion = en;
			hasScannedForEncodings = 0;
			knownRegions = (
				en,
				Base,
			);
			mainGroup = 63A527FB20C10EDB0008EFAD;
			productRefGroup = 63A5280520C10EDB0008EFAD /* Products */;
			projectDirPath = "";
			projectRoot = "";
			targets = (
				63A5280320C10EDB0008EFAD /* SaunFaTest */,
				63A5281B20C10EDF0008EFAD /* SaunFaTestTests */,
				63A5282620C10EDF0008EFAD /* SaunFaTestUITests */,
			);
		};
/* End PBXProject section */

/* Begin PBXResourcesBuildPhase section */
		63A5280220C10EDB0008EFAD /* Resources */ = {
			isa = PBXResourcesBuildPhase;
			buildActionMask = 2147483647;
			files = (
				63A5281420C10EDF0008EFAD /* LaunchScreen.storyboard in Resources */,
				63A5281120C10EDF0008EFAD /* Assets.xcassets in Resources */,
				63A5280F20C10EDB0008EFAD /* Main.storyboard in Resources */,
			);
			runOnlyForDeploymentPostprocessing = 0;
		};
		63A5281A20C10EDF0008EFAD /* Resources */ = {
			isa = PBXResourcesBuildPhase;
			buildActionMask = 2147483647;
			files = (
			);
			runOnlyForDeploymentPostprocessing = 0;
		};
		63A5282520C10EDF0008EFAD /* Resources */ = {
			isa = PBXResourcesBuildPhase;
			buildActionMask = 2147483647;
			files = (
			);
			runOnlyForDeploymentPostprocessing = 0;
		};
/* End PBXResourcesBuildPhase section */

/* Begin PBXSourcesBuildPhase section */
		63A5280020C10EDB0008EFAD /* Sources */ = {
			isa = PBXSourcesBuildPhase;
			buildActionMask = 2147483647;
			files = (
				63A5280C20C10EDB0008EFAD /* ViewController.m in Sources */,
				63A5281720C10EDF0008EFAD /* main.m in Sources */,
				63A5280920C10EDB0008EFAD /* AppDelegate.m in Sources */,
			);
			runOnlyForDeploymentPostprocessing = 0;
		};
		63A5281820C10EDF0008EFAD /* Sources */ = {
			isa = PBXSourcesBuildPhase;
			buildActionMask = 2147483647;
			files = (
				63A5282120C10EDF0008EFAD /* SaunFaTestTests.m in Sources */,
			);
			runOnlyForDeploymentPostprocessing = 0;
		};
		63A5282320C10EDF0008EFAD /* Sources */ = {
			isa = PBXSourcesBuildPhase;
			buildActionMask = 2147483647;
			files = (
				63A5282C20C10EDF0008EFAD /* SaunFaTestUITests.m in Sources */,
			);
			runOnlyForDeploymentPostprocessing = 0;
		};
/* End PBXSourcesBuildPhase section */

/* Begin PBXTargetDependency section */
		63A5281E20C10EDF0008EFAD /* PBXTargetDependency */ = {
			isa = PBXTargetDependency;
			target = 63A5280320C10EDB0008EFAD /* SaunFaTest */;
			targetProxy = 63A5281D20C10EDF0008EFAD /* PBXContainerItemProxy */;
		};
		63A5282920C10EDF0008EFAD /* PBXTargetDependency */ = {
			isa = PBXTargetDependency;
			target = 63A5280320C10EDB0008EFAD /* SaunFaTest */;
			targetProxy = 63A5282820C10EDF0008EFAD /* PBXContainerItemProxy */;
		};
/* End PBXTargetDependency section */

/* Begin PBXVariantGroup section */
		63A5280D20C10EDB0008EFAD /* Main.storyboard */ = {
			isa = PBXVariantGroup;
			children = (
				63A5280E20C10EDB0008EFAD /* Base */,
			);
			name = Main.storyboard;
			sourceTree = "<group>";
		};
		63A5281220C10EDF0008EFAD /* LaunchScreen.storyboard */ = {
			isa = PBXVariantGroup;
			children = (
				63A5281320C10EDF0008EFAD /* Base */,
			);
			name = LaunchScreen.storyboard;
			sourceTree = "<group>";
		};
/* End PBXVariantGroup section */

/* Begin XCBuildConfiguration section */
		63A5282E20C10EDF0008EFAD /* Debug */ = {
			isa = XCBuildConfiguration;
			buildSettings = {
				ALWAYS_SEARCH_USER_PATHS = NO;
				CLANG_ANALYZER_NONNULL = YES;
				CLANG_ANALYZER_NUMBER_OBJECT_CONVERSION = YES_AGGRESSIVE;
				CLANG_CXX_LANGUAGE_STANDARD = "gnu++14";
				CLANG_CXX_LIBRARY = "libc++";
				CLANG_ENABLE_MODULES = YES;
				CLANG_ENABLE_OBJC_ARC = YES;
				CLANG_ENABLE_OBJC_WEAK = YES;
				CLANG_WARN_BLOCK_CAPTURE_AUTORELEASING = YES;
				CLANG_WARN_BOOL_CONVERSION = YES;
				CLANG_WARN_COMMA = YES;
				CLANG_WARN_CONSTANT_CONVERSION = YES;
				CLANG_WARN_DEPRECATED_OBJC_IMPLEMENTATIONS = YES;
				CLANG_WARN_DIRECT_OBJC_ISA_USAGE = YES_ERROR;
				CLANG_WARN_DOCUMENTATION_COMMENTS = YES;
				CLANG_WARN_EMPTY_BODY = YES;
				CLANG_WARN_ENUM_CONVERSION = YES;
				CLANG_WARN_INFINITE_RECURSION = YES;
				CLANG_WARN_INT_CONVERSION = YES;
				CLANG_WARN_NON_LITERAL_NULL_CONVERSION = YES;
				CLANG_WARN_OBJC_IMPLICIT_RETAIN_SELF = YES;
				CLANG_WARN_OBJC_LITERAL_CONVERSION = YES;
				CLANG_WARN_OBJC_ROOT_CLASS = YES_ERROR;
				CLANG_WARN_RANGE_LOOP_ANALYSIS = YES;
				CLANG_WARN_STRICT_PROTOTYPES = YES;
				CLANG_WARN_SUSPICIOUS_MOVE = YES;
				CLANG_WARN_UNGUARDED_AVAILABILITY = YES_AGGRESSIVE;
				CLANG_WARN_UNREACHABLE_CODE = YES;
				CLANG_WARN__DUPLICATE_METHOD_MATCH = YES;
				CODE_SIGN_IDENTITY = "iPhone Developer";
				COPY_PHASE_STRIP = NO;
				DEBUG_INFORMATION_FORMAT = dwarf;
				ENABLE_STRICT_OBJC_MSGSEND = YES;
				ENABLE_TESTABILITY = YES;
				GCC_C_LANGUAGE_STANDARD = gnu11;
				GCC_DYNAMIC_NO_PIC = NO;
				GCC_NO_COMMON_BLOCKS = YES;
				GCC_OPTIMIZATION_LEVEL = 0;
				GCC_PREPROCESSOR_DEFINITIONS = (
					"DEBUG=1",
					"$(inherited)",
				);
				GCC_WARN_64_TO_32_BIT_CONVERSION = YES;
				GCC_WARN_ABOUT_RETURN_TYPE = YES_ERROR;
				GCC_WARN_UNDECLARED_SELECTOR = YES;
				GCC_WARN_UNINITIALIZED_AUTOS = YES_AGGRESSIVE;
				GCC_WARN_UNUSED_FUNCTION = YES;
				GCC_WARN_UNUSED_VARIABLE = YES;
				IPHONEOS_DEPLOYMENT_TARGET = 11.3;
				MTL_ENABLE_DEBUG_INFO = YES;
				ONLY_ACTIVE_ARCH = YES;
				SDKROOT = iphoneos;
			};
			name = Debug;
		};
		63A5282F20C10EDF0008EFAD /* Release */ = {
			isa = XCBuildConfiguration;
			buildSettings = {
				ALWAYS_SEARCH_USER_PATHS = NO;
				CLANG_ANALYZER_NONNULL = YES;
				CLANG_ANALYZER_NUMBER_OBJECT_CONVERSION = YES_AGGRESSIVE;
				CLANG_CXX_LANGUAGE_STANDARD = "gnu++14";
				CLANG_CXX_LIBRARY = "libc++";
				CLANG_ENABLE_MODULES = YES;
				CLANG_ENABLE_OBJC_ARC = YES;
				CLANG_ENABLE_OBJC_WEAK = YES;
				CLANG_WARN_BLOCK_CAPTURE_AUTORELEASING = YES;
				CLANG_WARN_BOOL_CONVERSION = YES;
				CLANG_WARN_COMMA = YES;
				CLANG_WARN_CONSTANT_CONVERSION = YES;
				CLANG_WARN_DEPRECATED_OBJC_IMPLEMENTATIONS = YES;
				CLANG_WARN_DIRECT_OBJC_ISA_USAGE = YES_ERROR;
				CLANG_WARN_DOCUMENTATION_COMMENTS = YES;
				CLANG_WARN_EMPTY_BODY = YES;
				CLANG_WARN_ENUM_CONVERSION = YES;
				CLANG_WARN_INFINITE_RECURSION = YES;
				CLANG_WARN_INT_CONVERSION = YES;
				CLANG_WARN_NON_LITERAL_NULL_CONVERSION = YES;
				CLANG_WARN_OBJC_IMPLICIT_RETAIN_SELF = YES;
				CLANG_WARN_OBJC_LITERAL_CONVERSION = YES;
				CLANG_WARN_OBJC_ROOT_CLASS = YES_ERROR;
				CLANG_WARN_RANGE_LOOP_ANALYSIS = YES;
				CLANG_WARN_STRICT_PROTOTYPES = YES;
				CLANG_WARN_SUSPICIOUS_MOVE = YES;
				CLANG_WARN_UNGUARDED_AVAILABILITY = YES_AGGRESSIVE;
				CLANG_WARN_UNREACHABLE_CODE = YES;
				CLANG_WARN__DUPLICATE_METHOD_MATCH = YES;
				CODE_SIGN_IDENTITY = "iPhone Developer";
				COPY_PHASE_STRIP = NO;
				DEBUG_INFORMATION_FORMAT = "dwarf-with-dsym";
				ENABLE_NS_ASSERTIONS = NO;
				ENABLE_STRICT_OBJC_MSGSEND = YES;
				GCC_C_LANGUAGE_STANDARD = gnu11;
				GCC_NO_COMMON_BLOCKS = YES;
				GCC_WARN_64_TO_32_BIT_CONVERSION = YES;
				GCC_WARN_ABOUT_RETURN_TYPE = YES_ERROR;
				GCC_WARN_UNDECLARED_SELECTOR = YES;
				GCC_WARN_UNINITIALIZED_AUTOS = YES_AGGRESSIVE;
				GCC_WARN_UNUSED_FUNCTION = YES;
				GCC_WARN_UNUSED_VARIABLE = YES;
				IPHONEOS_DEPLOYMENT_TARGET = 11.3;
				MTL_ENABLE_DEBUG_INFO = NO;
				SDKROOT = iphoneos;
				VALIDATE_PRODUCT = YES;
			};
			name = Release;
		};
		63A5283120C10EDF0008EFAD /* Debug */ = {
			isa = XCBuildConfiguration;
			buildSettings = {
				ASSETCATALOG_COMPILER_APPICON_NAME = AppIcon;
				CODE_SIGN_STYLE = Automatic;
				DEVELOPMENT_TEAM = K4ZRD6JK79;
				INFOPLIST_FILE = SaunFaTest/Info.plist;
				LD_RUNPATH_SEARCH_PATHS = (
					"$(inherited)",
					"@executable_path/Frameworks",
				);
				PRODUCT_BUNDLE_IDENTIFIER = lanpeng.SaunFaTest;
				PRODUCT_NAME = "$(TARGET_NAME)";
				TARGETED_DEVICE_FAMILY = "1,2";
			};
			name = Debug;
		};
		63A5283220C10EDF0008EFAD /* Release */ = {
			isa = XCBuildConfiguration;
			buildSettings = {
				ASSETCATALOG_COMPILER_APPICON_NAME = AppIcon;
				CODE_SIGN_STYLE = Automatic;
				DEVELOPMENT_TEAM = K4ZRD6JK79;
				INFOPLIST_FILE = SaunFaTest/Info.plist;
				LD_RUNPATH_SEARCH_PATHS = (
					"$(inherited)",
					"@executable_path/Frameworks",
				);
				PRODUCT_BUNDLE_IDENTIFIER = lanpeng.SaunFaTest;
				PRODUCT_NAME = "$(TARGET_NAME)";
				TARGETED_DEVICE_FAMILY = "1,2";
			};
			name = Release;
		};
		63A5283420C10EDF0008EFAD /* Debug */ = {
			isa = XCBuildConfiguration;
			buildSettings = {
				BUNDLE_LOADER = "$(TEST_HOST)";
				CODE_SIGN_STYLE = Automatic;
				DEVELOPMENT_TEAM = K4ZRD6JK79;
				INFOPLIST_FILE = SaunFaTestTests/Info.plist;
				LD_RUNPATH_SEARCH_PATHS = (
					"$(inherited)",
					"@executable_path/Frameworks",
					"@loader_path/Frameworks",
				);
				PRODUCT_BUNDLE_IDENTIFIER = lanpeng.SaunFaTestTests;
				PRODUCT_NAME = "$(TARGET_NAME)";
				TARGETED_DEVICE_FAMILY = "1,2";
				TEST_HOST = "$(BUILT_PRODUCTS_DIR)/SaunFaTest.app/SaunFaTest";
			};
			name = Debug;
		};
		63A5283520C10EDF0008EFAD /* Release */ = {
			isa = XCBuildConfiguration;
			buildSettings = {
				BUNDLE_LOADER = "$(TEST_HOST)";
				CODE_SIGN_STYLE = Automatic;
				DEVELOPMENT_TEAM = K4ZRD6JK79;
				INFOPLIST_FILE = SaunFaTestTests/Info.plist;
				LD_RUNPATH_SEARCH_PATHS = (
					"$(inherited)",
					"@executable_path/Frameworks",
					"@loader_path/Frameworks",
				);
				PRODUCT_BUNDLE_IDENTIFIER = lanpeng.SaunFaTestTests;
				PRODUCT_NAME = "$(TARGET_NAME)";
				TARGETED_DEVICE_FAMILY = "1,2";
				TEST_HOST = "$(BUILT_PRODUCTS_DIR)/SaunFaTest.app/SaunFaTest";
			};
			name = Release;
		};
		63A5283720C10EDF0008EFAD /* Debug */ = {
			isa = XCBuildConfiguration;
			buildSettings = {
				CODE_SIGN_STYLE = Automatic;
				DEVELOPMENT_TEAM = K4ZRD6JK79;
				INFOPLIST_FILE = SaunFaTestUITests/Info.plist;
				LD_RUNPATH_SEARCH_PATHS = (
					"$(inherited)",
					"@executable_path/Frameworks",
					"@loader_path/Frameworks",
				);
				PRODUCT_BUNDLE_IDENTIFIER = lanpeng.SaunFaTestUITests;
				PRODUCT_NAME = "$(TARGET_NAME)";
				TARGETED_DEVICE_FAMILY = "1,2";
				TEST_TARGET_NAME = SaunFaTest;
			};
			name = Debug;
		};
		63A5283820C10EDF0008EFAD /* Release */ = {
			isa = XCBuildConfiguration;
			buildSettings = {
				CODE_SIGN_STYLE = Automatic;
				DEVELOPMENT_TEAM = K4ZRD6JK79;
				INFOPLIST_FILE = SaunFaTestUITests/Info.plist;
				LD_RUNPATH_SEARCH_PATHS = (
					"$(inherited)",
					"@executable_path/Frameworks",
					"@loader_path/Frameworks",
				);
				PRODUCT_BUNDLE_IDENTIFIER = lanpeng.SaunFaTestUITests;
				PRODUCT_NAME = "$(TARGET_NAME)";
				TARGETED_DEVICE_FAMILY = "1,2";
				TEST_TARGET_NAME = SaunFaTest;
			};
			name = Release;
		};
/* End XCBuildConfiguration section */

/* Begin XCConfigurationList section */
		63A527FF20C10EDB0008EFAD /* Build configuration list for PBXProject "SaunFaTest" */ = {
			isa = XCConfigurationList;
			buildConfigurations = (
				63A5282E20C10EDF0008EFAD /* Debug */,
				63A5282F20C10EDF0008EFAD /* Release */,
			);
			defaultConfigurationIsVisible = 0;
			defaultConfigurationName = Release;
		};
		63A5283020C10EDF0008EFAD /* Build configuration list for PBXNativeTarget "SaunFaTest" */ = {
			isa = XCConfigurationList;
			buildConfigurations = (
				63A5283120C10EDF0008EFAD /* Debug */,
				63A5283220C10EDF0008EFAD /* Release */,
			);
			defaultConfigurationIsVisible = 0;
			defaultConfigurationName = Release;
		};
		63A5283320C10EDF0008EFAD /* Build configuration list for PBXNativeTarget "SaunFaTestTests" */ = {
			isa = XCConfigurationList;
			buildConfigurations = (
				63A5283420C10EDF0008EFAD /* Debug */,
				63A5283520C10EDF0008EFAD /* Release */,
			);
			defaultConfigurationIsVisible = 0;
			defaultConfigurationName = Release;
		};
		63A5283620C10EDF0008EFAD /* Build configuration list for PBXNativeTarget "SaunFaTestUITests" */ = {
			isa = XCConfigurationList;
			buildConfigurations = (
				63A5283720C10EDF0008EFAD /* Debug */,
				63A5283820C10EDF0008EFAD /* Release */,
			);
			defaultConfigurationIsVisible = 0;
			defaultConfigurationName = Release;
		};
/* End XCConfigurationList section */
	};
	rootObject = 63A527FC20C10EDB0008EFAD /* Project object */;
}
